
Microsoft Visual Studio Solution File, Format Version 12.00
# Visual Studio Version 16
VisualStudioVersion = 25.0.1706.14
MinimumVisualStudioVersion = 10.0.40219.1
Project("{FAE04EC0-301F-11D3-BF4B-00C04F79EFBC}") = "Kiemtragiuaky", "Kiemtragiuaky.csproj", "{80938B9B-8506-4040-A7A5-F6073C1AB385}"
EndProject
Global
	GlobalSection(SolutionConfigurationPlatforms) = preSolution
		Debug|Any CPU = Debug|Any CPU
		Release|Any CPU = Release|Any CPU
	EndGlobalSection
	GlobalSection(ProjectConfigurationPlatforms) = postSolution
		{80938B9B-8506-4040-A7A5-F6073C1AB385}.Debug|Any CPU.ActiveCfg = Debug|Any CPU
		{80938B9B-8506-4040-A7A5-F6073C1AB385}.Debug|Any CPU.Build.0 = Debug|Any CPU
		{80938B9B-8506-4040-A7A5-F6073C1AB385}.Release|Any CPU.ActiveCfg = Release|Any CPU
		{80938B9B-8506-4040-A7A5-F6073C1AB385}.Release|Any CPU.Build.0 = Release|Any CPU
	EndGlobalSection
	GlobalSection(SolutionProperties) = preSolution
		HideSolutionNode = FALSE
	EndGlobalSection
	GlobalSection(ExtensibilityGlobals) = postSolution
		SolutionGuid = {981F15FB-767E-4766-AF6F-67535F187EDA}
	EndGlobalSection
EndGlobal
